
Microsoft Visual Studio Solution File, Format Version 12.00
# Visual Studio Version 16
VisualStudioVersion = 16.0.31613.86
MinimumVisualStudioVersion = 10.0.40219.1
Project("{FAE04EC0-301F-11D3-BF4B-00C04F79EFBC}") = "MoonPhase", "GraphicsPlayGround\MoonPhase.csproj", "{5D137058-74CF-4DCB-968F-183B4E19D0BC}"
EndProject
Global
	GlobalSection(SolutionConfigurationPlatforms) = preSolution
		Debug|Any CPU = Debug|Any CPU
		Release|Any CPU = Release|Any CPU
	EndGlobalSection
	GlobalSection(ProjectConfigurationPlatforms) = postSolution
		{5D137058-74CF-4DCB-968F-183B4E19D0BC}.Debug|Any CPU.ActiveCfg = Debug|Any CPU
		{5D137058-74CF-4DCB-968F-183B4E19D0BC}.Debug|Any CPU.Build.0 = Debug|Any CPU
		{5D137058-74CF-4DCB-968F-183B4E19D0BC}.Release|Any CPU.ActiveCfg = Release|Any CPU
		{5D137058-74CF-4DCB-968F-183B4E19D0BC}.Release|Any CPU.Build.0 = Release|Any CPU
	EndGlobalSection
	GlobalSection(SolutionProperties) = preSolution
		HideSolutionNode = FALSE
	EndGlobalSection
	GlobalSection(ExtensibilityGlobals) = postSolution
		SolutionGuid = {39FD2095-4097-4B06-B3C9-61E76C5D874C}
	EndGlobalSection
EndGlobal
